// !$*UTF8*$!
{
	archiveVersion = 1;
	classes = {
	};
	objectVersion = 46;
	objects = {

/* Begin PBXBuildFile section */
		CAF0247016BB439100592E8E /* UIKit.framework in Frameworks */ = {isa = PBXBuildFile; fileRef = CAF0246F16BB439100592E8E /* UIKit.framework */; };
		CAF0247216BB439100592E8E /* Foundation.framework in Frameworks */ = {isa = PBXBuildFile; fileRef = CAF0247116BB439100592E8E /* Foundation.framework */; };
		CAF0247416BB439100592E8E /* CoreGraphics.framework in Frameworks */ = {isa = PBXBuildFile; fileRef = CAF0247316BB439100592E8E /* CoreGraphics.framework */; };
		CAF0247A16BB439100592E8E /* InfoPlist.strings in Resources */ = {isa = PBXBuildFile; fileRef = CAF0247816BB439100592E8E /* InfoPlist.strings */; };
		CAF0247C16BB439100592E8E /* main.m in Sources */ = {isa = PBXBuildFile; fileRef = CAF0247B16BB439100592E8E /* main.m */; };
		CAF0248016BB439100592E8E /* DPAppDelegate.m in Sources */ = {isa = PBXBuildFile; fileRef = CAF0247F16BB439100592E8E /* DPAppDelegate.m */; };
		CAF0248216BB439100592E8E /* Default.png in Resources */ = {isa = PBXBuildFile; fileRef = CAF0248116BB439100592E8E /* Default.png */; };
		CAF0248416BB439100592E8E /* Default@2x.png in Resources */ = {isa = PBXBuildFile; fileRef = CAF0248316BB439100592E8E /* Default@2x.png */; };
		CAF0248616BB439100592E8E /* Default-568h@2x.png in Resources */ = {isa = PBXBuildFile; fileRef = CAF0248516BB439100592E8E /* Default-568h@2x.png */; };
		CAF0249716BB476900592E8E /* DPRollViewController.m in Sources */ = {isa = PBXBuildFile; fileRef = CAF0249516BB476900592E8E /* DPRollViewController.m */; };
		CAF0249816BB476900592E8E /* DPRollViewController.xib in Resources */ = {isa = PBXBuildFile; fileRef = CAF0249616BB476900592E8E /* DPRollViewController.xib */; };
/* End PBXBuildFile section */

/* Begin PBXFileReference section */
		CAF0246C16BB439100592E8E /* Dice.app */ = {isa = PBXFileReference; explicitFileType = wrapper.application; includeInIndex = 0; path = Dice.app; sourceTree = BUILT_PRODUCTS_DIR; };
		CAF0246F16BB439100592E8E /* UIKit.framework */ = {isa = PBXFileReference; lastKnownFileType = wrapper.framework; name = UIKit.framework; path = System/Library/Frameworks/UIKit.framework; sourceTree = SDKROOT; };
		CAF0247116BB439100592E8E /* Foundation.framework */ = {isa = PBXFileReference; lastKnownFileType = wrapper.framework; name = Foundation.framework; path = System/Library/Frameworks/Foundation.framework; sourceTree = SDKROOT; };
		CAF0247316BB439100592E8E /* CoreGraphics.framework */ = {isa = PBXFileReference; lastKnownFileType = wrapper.framework; name = CoreGraphics.framework; path = System/Library/Frameworks/CoreGraphics.framework; sourceTree = SDKROOT; };
		CAF0247716BB439100592E8E /* Dice-Info.plist */ = {isa = PBXFileReference; lastKnownFileType = text.plist.xml; path = "Dice-Info.plist"; sourceTree = "<group>"; };
		CAF0247916BB439100592E8E /* en */ = {isa = PBXFileReference; lastKnownFileType = text.plist.strings; name = en; path = en.lproj/InfoPlist.strings; sourceTree = "<group>"; };
		CAF0247B16BB439100592E8E /* main.m */ = {isa = PBXFileReference; lastKnownFileType = sourcecode.c.objc; path = main.m; sourceTree = "<group>"; };
		CAF0247D16BB439100592E8E /* Dice-Prefix.pch */ = {isa = PBXFileReference; lastKnownFileType = sourcecode.c.h; path = "Dice-Prefix.pch"; sourceTree = "<group>"; };
		CAF0247E16BB439100592E8E /* DPAppDelegate.h */ = {isa = PBXFileReference; lastKnownFileType = sourcecode.c.h; path = DPAppDelegate.h; sourceTree = "<group>"; };
		CAF0247F16BB439100592E8E /* DPAppDelegate.m */ = {isa = PBXFileReference; lastKnownFileType = sourcecode.c.objc; path = DPAppDelegate.m; sourceTree = "<group>"; };
		CAF0248116BB439100592E8E /* Default.png */ = {isa = PBXFileReference; lastKnownFileType = image.png; path = Default.png; sourceTree = "<group>"; };
		CAF0248316BB439100592E8E /* Default@2x.png */ = {isa = PBXFileReference; lastKnownFileType = image.png; path = "Default@2x.png"; sourceTree = "<group>"; };
		CAF0248516BB439100592E8E /* Default-568h@2x.png */ = {isa = PBXFileReference; lastKnownFileType = image.png; path = "Default-568h@2x.png"; sourceTree = "<group>"; };
		CAF0249416BB476900592E8E /* DPRollViewController.h */ = {isa = PBXFileReference; fileEncoding = 4; lastKnownFileType = sourcecode.c.h; path = DPRollViewController.h; sourceTree = "<group>"; };
		CAF0249516BB476900592E8E /* DPRollViewController.m */ = {isa = PBXFileReference; fileEncoding = 4; lastKnownFileType = sourcecode.c.objc; path = DPRollViewController.m; sourceTree = "<group>"; };
		CAF0249616BB476900592E8E /* DPRollViewController.xib */ = {isa = PBXFileReference; fileEncoding = 4; lastKnownFileType = file.xib; path = DPRollViewController.xib; sourceTree = "<group>"; };
/* End PBXFileReference section */

/* Begin PBXFrameworksBuildPhase section */
		CAF0246916BB439100592E8E /* Frameworks */ = {
			isa = PBXFrameworksBuildPhase;
			buildActionMask = 2147483647;
			files = (
				CAF0247016BB439100592E8E /* UIKit.framework in Frameworks */,
				CAF0247216BB439100592E8E /* Foundation.framework in Frameworks */,
				CAF0247416BB439100592E8E /* CoreGraphics.framework in Frameworks */,
			);
			runOnlyForDeploymentPostprocessing = 0;
		};
/* End PBXFrameworksBuildPhase section */

/* Begin PBXGroup section */
		CAF0246316BB438F00592E8E = {
			isa = PBXGroup;
			children = (
				CAF0247516BB439100592E8E /* Dice */,
				CAF0246E16BB439100592E8E /* Frameworks */,
				CAF0246D16BB439100592E8E /* Products */,
			);
			sourceTree = "<group>";
		};
		CAF0246D16BB439100592E8E /* Products */ = {
			isa = PBXGroup;
			children = (
				CAF0246C16BB439100592E8E /* Dice.app */,
			);
			name = Products;
			sourceTree = "<group>";
		};
		CAF0246E16BB439100592E8E /* Frameworks */ = {
			isa = PBXGroup;
			children = (
				CAF0246F16BB439100592E8E /* UIKit.framework */,
				CAF0247116BB439100592E8E /* Foundation.framework */,
				CAF0247316BB439100592E8E /* CoreGraphics.framework */,
			);
			name = Frameworks;
			sourceTree = "<group>";
		};
		CAF0247516BB439100592E8E /* Dice */ = {
			isa = PBXGroup;
			children = (
				CAF0247E16BB439100592E8E /* DPAppDelegate.h */,
				CAF0247F16BB439100592E8E /* DPAppDelegate.m */,
				CAF0249416BB476900592E8E /* DPRollViewController.h */,
				CAF0249516BB476900592E8E /* DPRollViewController.m */,
				CAF0249616BB476900592E8E /* DPRollViewController.xib */,
				CAF0247616BB439100592E8E /* Supporting Files */,
			);
			path = Dice;
			sourceTree = "<group>";
		};
		CAF0247616BB439100592E8E /* Supporting Files */ = {
			isa = PBXGroup;
			children = (
				CAF0247716BB439100592E8E /* Dice-Info.plist */,
				CAF0247816BB439100592E8E /* InfoPlist.strings */,
				CAF0247B16BB439100592E8E /* main.m */,
				CAF0247D16BB439100592E8E /* Dice-Prefix.pch */,
				CAF0248116BB439100592E8E /* Default.png */,
				CAF0248316BB439100592E8E /* Default@2x.png */,
				CAF0248516BB439100592E8E /* Default-568h@2x.png */,
			);
			name = "Supporting Files";
			sourceTree = "<group>";
		};
/* End PBXGroup section */

/* Begin PBXNativeTarget section */
		CAF0246B16BB439100592E8E /* Dice */ = {
			isa = PBXNativeTarget;
			buildConfigurationList = CAF0248916BB439100592E8E /* Build configuration list for PBXNativeTarget "Dice" */;
			buildPhases = (
				CAF0246816BB439100592E8E /* Sources */,
				CAF0246916BB439100592E8E /* Frameworks */,
				CAF0246A16BB439100592E8E /* Resources */,
			);
			buildRules = (
			);
			dependencies = (
			);
			name = Dice;
			productName = Dice;
			productReference = CAF0246C16BB439100592E8E /* Dice.app */;
			productType = "com.apple.product-type.application";
		};
/* End PBXNativeTarget section */

/* Begin PBXProject section */
		CAF0246416BB438F00592E8E /* Project object */ = {
			isa = PBXProject;
			attributes = {
				CLASSPREFIX = DP;
				LastUpgradeCheck = 0460;
				ORGANIZATIONNAME = "Dan Park";
			};
			buildConfigurationList = CAF0246716BB438F00592E8E /* Build configuration list for PBXProject "Dice" */;
			compatibilityVersion = "Xcode 3.2";
			developmentRegion = English;
			hasScannedForEncodings = 0;
			knownRegions = (
				en,
			);
			mainGroup = CAF0246316BB438F00592E8E;
			productRefGroup = CAF0246D16BB439100592E8E /* Products */;
			projectDirPath = "";
			projectRoot = "";
			targets = (
				CAF0246B16BB439100592E8E /* Dice */,
			);
		};
/* End PBXProject section */

/* Begin PBXResourcesBuildPhase section */
		CAF0246A16BB439100592E8E /* Resources */ = {
			isa = PBXResourcesBuildPhase;
			buildActionMask = 2147483647;
			files = (
				CAF0247A16BB439100592E8E /* InfoPlist.strings in Resources */,
				CAF0248216BB439100592E8E /* Default.png in Resources */,
				CAF0248416BB439100592E8E /* Default@2x.png in Resources */,
				CAF0248616BB439100592E8E /* Default-568h@2x.png in Resources */,
				CAF0249816BB476900592E8E /* DPRollViewController.xib in Resources */,
			);
			runOnlyForDeploymentPostprocessing = 0;
		};
/* End PBXResourcesBuildPhase section */

/* Begin PBXSourcesBuildPhase section */
		CAF0246816BB439100592E8E /* Sources */ = {
			isa = PBXSourcesBuildPhase;
			buildActionMask = 2147483647;
			files = (
				CAF0247C16BB439100592E8E /* main.m in Sources */,
				CAF0248016BB439100592E8E /* DPAppDelegate.m in Sources */,
				CAF0249716BB476900592E8E /* DPRollViewController.m in Sources */,
			);
			runOnlyForDeploymentPostprocessing = 0;
		};
/* End PBXSourcesBuildPhase section */

/* Begin PBXVariantGroup section */
		CAF0247816BB439100592E8E /* InfoPlist.strings */ = {
			isa = PBXVariantGroup;
			children = (
				CAF0247916BB439100592E8E /* en */,
			);
			name = InfoPlist.strings;
			sourceTree = "<group>";
		};
/* End PBXVariantGroup section */

/* Begin XCBuildConfiguration section */
		CAF0248716BB439100592E8E /* Debug */ = {
			isa = XCBuildConfiguration;
			buildSettings = {
				ALWAYS_SEARCH_USER_PATHS = NO;
				CLANG_CXX_LANGUAGE_STANDARD = "gnu++0x";
				CLANG_CXX_LIBRARY = "libc++";
				CLANG_WARN_CONSTANT_CONVERSION = YES;
				CLANG_WARN_EMPTY_BODY = YES;
				CLANG_WARN_ENUM_CONVERSION = YES;
				CLANG_WARN_INT_CONVERSION = YES;
				CLANG_WARN__DUPLICATE_METHOD_MATCH = YES;
				"CODE_SIGN_IDENTITY[sdk=iphoneos*]" = "iPhone Developer";
				COPY_PHASE_STRIP = NO;
				GCC_C_LANGUAGE_STANDARD = gnu99;
				GCC_DYNAMIC_NO_PIC = NO;
				GCC_OPTIMIZATION_LEVEL = 0;
				GCC_PREPROCESSOR_DEFINITIONS = (
					"DEBUG=1",
					"$(inherited)",
				);
				GCC_SYMBOLS_PRIVATE_EXTERN = NO;
				GCC_WARN_ABOUT_RETURN_TYPE = YES;
				GCC_WARN_UNINITIALIZED_AUTOS = YES;
				GCC_WARN_UNUSED_VARIABLE = YES;
				IPHONEOS_DEPLOYMENT_TARGET = 5.1;
				ONLY_ACTIVE_ARCH = YES;
				SDKROOT = iphoneos;
			};
			name = Debug;
		};
		CAF0248816BB439100592E8E /* Release */ = {
			isa = XCBuildConfiguration;
			buildSettings = {
				ALWAYS_SEARCH_USER_PATHS = NO;
				CLANG_CXX_LANGUAGE_STANDARD = "gnu++0x";
				CLANG_CXX_LIBRARY = "libc++";
				CLANG_WARN_CONSTANT_CONVERSION = YES;
				CLANG_WARN_EMPTY_BODY = YES;
				CLANG_WARN_ENUM_CONVERSION = YES;
				CLANG_WARN_INT_CONVERSION = YES;
				CLANG_WARN__DUPLICATE_METHOD_MATCH = YES;
				"CODE_SIGN_IDENTITY[sdk=iphoneos*]" = "iPhone Developer";
				COPY_PHASE_STRIP = YES;
				GCC_C_LANGUAGE_STANDARD = gnu99;
				GCC_WARN_ABOUT_RETURN_TYPE = YES;
				GCC_WARN_UNINITIALIZED_AUTOS = YES;
				GCC_WARN_UNUSED_VARIABLE = YES;
				IPHONEOS_DEPLOYMENT_TARGET = 5.1;
				OTHER_CFLAGS = "-DNS_BLOCK_ASSERTIONS=1";
				SDKROOT = iphoneos;
				VALIDATE_PRODUCT = YES;
			};
			name = Release;
		};
		CAF0248A16BB439100592E8E /* Debug */ = {
			isa = XCBuildConfiguration;
			buildSettings = {
				GCC_PRECOMPILE_PREFIX_HEADER = YES;
				GCC_PREFIX_HEADER = "Dice/Dice-Prefix.pch";
				INFOPLIST_FILE = "Dice/Dice-Info.plist";
				PRODUCT_NAME = "$(TARGET_NAME)";
				WRAPPER_EXTENSION = app;
			};
			name = Debug;
		};
		CAF0248B16BB439100592E8E /* Release */ = {
			isa = XCBuildConfiguration;
			buildSettings = {
				GCC_PRECOMPILE_PREFIX_HEADER = YES;
				GCC_PREFIX_HEADER = "Dice/Dice-Prefix.pch";
				INFOPLIST_FILE = "Dice/Dice-Info.plist";
				PRODUCT_NAME = "$(TARGET_NAME)";
				WRAPPER_EXTENSION = app;
			};
			name = Release;
		};
/* End XCBuildConfiguration section */

/* Begin XCConfigurationList section */
		CAF0246716BB438F00592E8E /* Build configuration list for PBXProject "Dice" */ = {
			isa = XCConfigurationList;
			buildConfigurations = (
				CAF0248716BB439100592E8E /* Debug */,
				CAF0248816BB439100592E8E /* Release */,
			);
			defaultConfigurationIsVisible = 0;
			defaultConfigurationName = Release;
		};
		CAF0248916BB439100592E8E /* Build configuration list for PBXNativeTarget "Dice" */ = {
			isa = XCConfigurationList;
			buildConfigurations = (
				CAF0248A16BB439100592E8E /* Debug */,
				CAF0248B16BB439100592E8E /* Release */,
			);
			defaultConfigurationIsVisible = 0;
			defaultConfigurationName = Release;
		};
/* End XCConfigurationList section */
	};
	rootObject = CAF0246416BB438F00592E8E /* Project object */;
}
